
Microsoft Visual Studio Solution File, Format Version 12.00
# Visual Studio 15
Project("{FAE04EC0-301F-11D3-BF4B-00C04F79EFBC}") = "Assembly-CSharp", "Assembly-CSharp.csproj", "{01B7A08A-E712-4C7F-E2AE-9E0D365B5A14}"
EndProject
Project("{FAE04EC0-301F-11D3-BF4B-00C04F79EFBC}") = "Assembly-CSharp-Editor", "Assembly-CSharp-Editor.csproj", "{B9ABFEA2-0E2E-A099-946A-7CC63F17B9F8}"
EndProject
Global
	GlobalSection(SolutionConfigurationPlatforms) = preSolution
		Debug|Any CPU = Debug|Any CPU
		Release|Any CPU = Release|Any CPU
	EndGlobalSection
	GlobalSection(ProjectConfigurationPlatforms) = postSolution
		{01B7A08A-E712-4C7F-E2AE-9E0D365B5A14}.Debug|Any CPU.ActiveCfg = Debug|Any CPU
		{01B7A08A-E712-4C7F-E2AE-9E0D365B5A14}.Debug|Any CPU.Build.0 = Debug|Any CPU
		{01B7A08A-E712-4C7F-E2AE-9E0D365B5A14}.Release|Any CPU.ActiveCfg = Release|Any CPU
		{01B7A08A-E712-4C7F-E2AE-9E0D365B5A14}.Release|Any CPU.Build.0 = Release|Any CPU
		{B9ABFEA2-0E2E-A099-946A-7CC63F17B9F8}.Debug|Any CPU.ActiveCfg = Debug|Any CPU
		{B9ABFEA2-0E2E-A099-946A-7CC63F17B9F8}.Debug|Any CPU.Build.0 = Debug|Any CPU
		{B9ABFEA2-0E2E-A099-946A-7CC63F17B9F8}.Release|Any CPU.ActiveCfg = Release|Any CPU
		{B9ABFEA2-0E2E-A099-946A-7CC63F17B9F8}.Release|Any CPU.Build.0 = Release|Any CPU
	EndGlobalSection
	GlobalSection(SolutionProperties) = preSolution
		HideSolutionNode = FALSE
	EndGlobalSection
EndGlobal
